
Microsoft Visual Studio Solution File, Format Version 12.00
# Visual Studio 15
VisualStudioVersion = 15.0.26403.7
MinimumVisualStudioVersion = 10.0.40219.1
Project("{2150E333-8FDC-42A3-9474-1A3956D46DE8}") = "dll", "dll", "{8FFDF059-B6FD-4A6D-AF9A-78DC17AB5956}"
	ProjectSection(SolutionItems) = preProject
		..\Monday.dll = ..\Monday.dll
	EndProjectSection
EndProject
Project("{FAE04EC0-301F-11D3-BF4B-00C04F79EFBC}") = "Artelus", "3nethra\Artelus.csproj", "{54C41D0D-3D77-4858-998B-A51493EFD04F}"
EndProject
Project("{FAE04EC0-301F-11D3-BF4B-00C04F79EFBC}") = "Helpers", "Helpers\Helpers.csproj", "{1CBF4F03-0907-44AB-88B9-8D0695D66FDD}"
EndProject
Global
	GlobalSection(SolutionConfigurationPlatforms) = preSolution
		Debug|Any CPU = Debug|Any CPU
		Debug|x86 = Debug|x86
		Release|Any CPU = Release|Any CPU
		Release|x86 = Release|x86
	EndGlobalSection
	GlobalSection(ProjectConfigurationPlatforms) = postSolution
		{54C41D0D-3D77-4858-998B-A51493EFD04F}.Debug|Any CPU.ActiveCfg = Debug|Any CPU
		{54C41D0D-3D77-4858-998B-A51493EFD04F}.Debug|Any CPU.Build.0 = Debug|Any CPU
		{54C41D0D-3D77-4858-998B-A51493EFD04F}.Debug|x86.ActiveCfg = Debug|x86
		{54C41D0D-3D77-4858-998B-A51493EFD04F}.Debug|x86.Build.0 = Debug|x86
		{54C41D0D-3D77-4858-998B-A51493EFD04F}.Release|Any CPU.ActiveCfg = Release|Any CPU
		{54C41D0D-3D77-4858-998B-A51493EFD04F}.Release|Any CPU.Build.0 = Release|Any CPU
		{54C41D0D-3D77-4858-998B-A51493EFD04F}.Release|x86.ActiveCfg = Release|x86
		{54C41D0D-3D77-4858-998B-A51493EFD04F}.Release|x86.Build.0 = Release|x86
		{1CBF4F03-0907-44AB-88B9-8D0695D66FDD}.Debug|Any CPU.ActiveCfg = Debug|Any CPU
		{1CBF4F03-0907-44AB-88B9-8D0695D66FDD}.Debug|Any CPU.Build.0 = Debug|Any CPU
		{1CBF4F03-0907-44AB-88B9-8D0695D66FDD}.Debug|x86.ActiveCfg = Debug|x86
		{1CBF4F03-0907-44AB-88B9-8D0695D66FDD}.Debug|x86.Build.0 = Debug|x86
		{1CBF4F03-0907-44AB-88B9-8D0695D66FDD}.Release|Any CPU.ActiveCfg = Release|Any CPU
		{1CBF4F03-0907-44AB-88B9-8D0695D66FDD}.Release|Any CPU.Build.0 = Release|Any CPU
		{1CBF4F03-0907-44AB-88B9-8D0695D66FDD}.Release|x86.ActiveCfg = Release|x86
		{1CBF4F03-0907-44AB-88B9-8D0695D66FDD}.Release|x86.Build.0 = Release|x86
	EndGlobalSection
	GlobalSection(SolutionProperties) = preSolution
		HideSolutionNode = FALSE
	EndGlobalSection
EndGlobal
