
Microsoft Visual Studio Solution File, Format Version 12.00
# Visual Studio 14
VisualStudioVersion = 14.0.25420.1
MinimumVisualStudioVersion = 10.0.40219.1
Project("{2150E333-8FDC-42A3-9474-1A3956D46DE8}") = "dll", "dll", "{8FFDF059-B6FD-4A6D-AF9A-78DC17AB5956}"
	ProjectSection(SolutionItems) = preProject
		..\Monday.dll = ..\Monday.dll
	EndProjectSection
EndProject
Project("{FAE04EC0-301F-11D3-BF4B-00C04F79EFBC}") = "Artelus", "Artelus\Artelus.csproj", "{54C41D0D-3D77-4858-998B-A51493EFD04F}"
EndProject
Project("{FAE04EC0-301F-11D3-BF4B-00C04F79EFBC}") = "Helpers", "Helpers\Helpers.csproj", "{1CBF4F03-0907-44AB-88B9-8D0695D66FDD}"
EndProject
Project("{2150E333-8FDC-42A3-9474-1A3956D46DE8}") = "Files", "Files", "{AE367FC0-739C-4A3C-9894-29516CC408E4}"
	ProjectSection(SolutionItems) = preProject
		Notes.txt = Notes.txt
		Schema.txt = Schema.txt
	EndProjectSection
EndProject
Global
	GlobalSection(SolutionConfigurationPlatforms) = preSolution
		CD_ROM|Any CPU = CD_ROM|Any CPU
		CD_ROM|x64 = CD_ROM|x64
		CD_ROM|x86 = CD_ROM|x86
		Debug|Any CPU = Debug|Any CPU
		Debug|x64 = Debug|x64
		Debug|x86 = Debug|x86
		DVD-5|Any CPU = DVD-5|Any CPU
		DVD-5|x64 = DVD-5|x64
		DVD-5|x86 = DVD-5|x86
		Release|Any CPU = Release|Any CPU
		Release|x64 = Release|x64
		Release|x86 = Release|x86
		SingleImage|Any CPU = SingleImage|Any CPU
		SingleImage|x64 = SingleImage|x64
		SingleImage|x86 = SingleImage|x86
	EndGlobalSection
	GlobalSection(ProjectConfigurationPlatforms) = postSolution
		{54C41D0D-3D77-4858-998B-A51493EFD04F}.CD_ROM|Any CPU.ActiveCfg = Release|Any CPU
		{54C41D0D-3D77-4858-998B-A51493EFD04F}.CD_ROM|Any CPU.Build.0 = Release|Any CPU
		{54C41D0D-3D77-4858-998B-A51493EFD04F}.CD_ROM|x64.ActiveCfg = Release|x64
		{54C41D0D-3D77-4858-998B-A51493EFD04F}.CD_ROM|x64.Build.0 = Release|x64
		{54C41D0D-3D77-4858-998B-A51493EFD04F}.CD_ROM|x86.ActiveCfg = Release|x86
		{54C41D0D-3D77-4858-998B-A51493EFD04F}.CD_ROM|x86.Build.0 = Release|x86
		{54C41D0D-3D77-4858-998B-A51493EFD04F}.Debug|Any CPU.ActiveCfg = Debug|Any CPU
		{54C41D0D-3D77-4858-998B-A51493EFD04F}.Debug|Any CPU.Build.0 = Debug|Any CPU
		{54C41D0D-3D77-4858-998B-A51493EFD04F}.Debug|x64.ActiveCfg = Debug|x64
		{54C41D0D-3D77-4858-998B-A51493EFD04F}.Debug|x64.Build.0 = Debug|x64
		{54C41D0D-3D77-4858-998B-A51493EFD04F}.Debug|x86.ActiveCfg = Debug|x86
		{54C41D0D-3D77-4858-998B-A51493EFD04F}.Debug|x86.Build.0 = Debug|x86
		{54C41D0D-3D77-4858-998B-A51493EFD04F}.DVD-5|Any CPU.ActiveCfg = Debug|Any CPU
		{54C41D0D-3D77-4858-998B-A51493EFD04F}.DVD-5|Any CPU.Build.0 = Debug|Any CPU
		{54C41D0D-3D77-4858-998B-A51493EFD04F}.DVD-5|x64.ActiveCfg = Debug|x64
		{54C41D0D-3D77-4858-998B-A51493EFD04F}.DVD-5|x64.Build.0 = Debug|x64
		{54C41D0D-3D77-4858-998B-A51493EFD04F}.DVD-5|x86.ActiveCfg = Debug|x86
		{54C41D0D-3D77-4858-998B-A51493EFD04F}.DVD-5|x86.Build.0 = Debug|x86
		{54C41D0D-3D77-4858-998B-A51493EFD04F}.Release|Any CPU.ActiveCfg = Release|Any CPU
		{54C41D0D-3D77-4858-998B-A51493EFD04F}.Release|Any CPU.Build.0 = Release|Any CPU
		{54C41D0D-3D77-4858-998B-A51493EFD04F}.Release|x64.ActiveCfg = Release|x64
		{54C41D0D-3D77-4858-998B-A51493EFD04F}.Release|x64.Build.0 = Release|x64
		{54C41D0D-3D77-4858-998B-A51493EFD04F}.Release|x86.ActiveCfg = Release|x86
		{54C41D0D-3D77-4858-998B-A51493EFD04F}.Release|x86.Build.0 = Release|x86
		{54C41D0D-3D77-4858-998B-A51493EFD04F}.SingleImage|Any CPU.ActiveCfg = Release|Any CPU
		{54C41D0D-3D77-4858-998B-A51493EFD04F}.SingleImage|Any CPU.Build.0 = Release|Any CPU
		{54C41D0D-3D77-4858-998B-A51493EFD04F}.SingleImage|x64.ActiveCfg = Release|x64
		{54C41D0D-3D77-4858-998B-A51493EFD04F}.SingleImage|x64.Build.0 = Release|x64
		{54C41D0D-3D77-4858-998B-A51493EFD04F}.SingleImage|x86.ActiveCfg = Release|x86
		{54C41D0D-3D77-4858-998B-A51493EFD04F}.SingleImage|x86.Build.0 = Release|x86
		{1CBF4F03-0907-44AB-88B9-8D0695D66FDD}.CD_ROM|Any CPU.ActiveCfg = Release|Any CPU
		{1CBF4F03-0907-44AB-88B9-8D0695D66FDD}.CD_ROM|Any CPU.Build.0 = Release|Any CPU
		{1CBF4F03-0907-44AB-88B9-8D0695D66FDD}.CD_ROM|x64.ActiveCfg = Debug|Any CPU
		{1CBF4F03-0907-44AB-88B9-8D0695D66FDD}.CD_ROM|x64.Build.0 = Debug|Any CPU
		{1CBF4F03-0907-44AB-88B9-8D0695D66FDD}.CD_ROM|x86.ActiveCfg = Release|x86
		{1CBF4F03-0907-44AB-88B9-8D0695D66FDD}.CD_ROM|x86.Build.0 = Release|x86
		{1CBF4F03-0907-44AB-88B9-8D0695D66FDD}.Debug|Any CPU.ActiveCfg = Debug|Any CPU
		{1CBF4F03-0907-44AB-88B9-8D0695D66FDD}.Debug|Any CPU.Build.0 = Debug|Any CPU
		{1CBF4F03-0907-44AB-88B9-8D0695D66FDD}.Debug|x64.ActiveCfg = Debug|Any CPU
		{1CBF4F03-0907-44AB-88B9-8D0695D66FDD}.Debug|x64.Build.0 = Debug|Any CPU
		{1CBF4F03-0907-44AB-88B9-8D0695D66FDD}.Debug|x86.ActiveCfg = Debug|x86
		{1CBF4F03-0907-44AB-88B9-8D0695D66FDD}.Debug|x86.Build.0 = Debug|x86
		{1CBF4F03-0907-44AB-88B9-8D0695D66FDD}.DVD-5|Any CPU.ActiveCfg = Debug|Any CPU
		{1CBF4F03-0907-44AB-88B9-8D0695D66FDD}.DVD-5|Any CPU.Build.0 = Debug|Any CPU
		{1CBF4F03-0907-44AB-88B9-8D0695D66FDD}.DVD-5|x64.ActiveCfg = Debug|Any CPU
		{1CBF4F03-0907-44AB-88B9-8D0695D66FDD}.DVD-5|x64.Build.0 = Debug|Any CPU
		{1CBF4F03-0907-44AB-88B9-8D0695D66FDD}.DVD-5|x86.ActiveCfg = Debug|x86
		{1CBF4F03-0907-44AB-88B9-8D0695D66FDD}.DVD-5|x86.Build.0 = Debug|x86
		{1CBF4F03-0907-44AB-88B9-8D0695D66FDD}.Release|Any CPU.ActiveCfg = Release|Any CPU
		{1CBF4F03-0907-44AB-88B9-8D0695D66FDD}.Release|Any CPU.Build.0 = Release|Any CPU
		{1CBF4F03-0907-44AB-88B9-8D0695D66FDD}.Release|x64.ActiveCfg = Release|Any CPU
		{1CBF4F03-0907-44AB-88B9-8D0695D66FDD}.Release|x64.Build.0 = Release|Any CPU
		{1CBF4F03-0907-44AB-88B9-8D0695D66FDD}.Release|x86.ActiveCfg = Release|x86
		{1CBF4F03-0907-44AB-88B9-8D0695D66FDD}.Release|x86.Build.0 = Release|x86
		{1CBF4F03-0907-44AB-88B9-8D0695D66FDD}.SingleImage|Any CPU.ActiveCfg = Release|Any CPU
		{1CBF4F03-0907-44AB-88B9-8D0695D66FDD}.SingleImage|Any CPU.Build.0 = Release|Any CPU
		{1CBF4F03-0907-44AB-88B9-8D0695D66FDD}.SingleImage|x64.ActiveCfg = Debug|Any CPU
		{1CBF4F03-0907-44AB-88B9-8D0695D66FDD}.SingleImage|x64.Build.0 = Debug|Any CPU
		{1CBF4F03-0907-44AB-88B9-8D0695D66FDD}.SingleImage|x86.ActiveCfg = Release|x86
		{1CBF4F03-0907-44AB-88B9-8D0695D66FDD}.SingleImage|x86.Build.0 = Release|x86
	EndGlobalSection
	GlobalSection(SolutionProperties) = preSolution
		HideSolutionNode = FALSE
	EndGlobalSection
EndGlobal
